
Microsoft Visual Studio Solution File, Format Version 12.00
# Visual Studio Version 17
VisualStudioVersion = 17.13.35913.81 d17.13
MinimumVisualStudioVersion = 10.0.40219.1
Project("{FAE04EC0-301F-11D3-BF4B-00C04F79EFBC}") = "OllamaDemo", "OllamaDemo\OllamaDemo.csproj", "{8956A037-C1E8-4D20-9A44-002B5855708E}"
EndProject
Global
	GlobalSection(SolutionConfigurationPlatforms) = preSolution
		Debug|Any CPU = Debug|Any CPU
		Release|Any CPU = Release|Any CPU
	EndGlobalSection
	GlobalSection(ProjectConfigurationPlatforms) = postSolution
		{8956A037-C1E8-4D20-9A44-002B5855708E}.Debug|Any CPU.ActiveCfg = Debug|Any CPU
		{8956A037-C1E8-4D20-9A44-002B5855708E}.Debug|Any CPU.Build.0 = Debug|Any CPU
		{8956A037-C1E8-4D20-9A44-002B5855708E}.Release|Any CPU.ActiveCfg = Release|Any CPU
		{8956A037-C1E8-4D20-9A44-002B5855708E}.Release|Any CPU.Build.0 = Release|Any CPU
	EndGlobalSection
	GlobalSection(SolutionProperties) = preSolution
		HideSolutionNode = FALSE
	EndGlobalSection
	GlobalSection(ExtensibilityGlobals) = postSolution
		SolutionGuid = {68915FF0-0C50-4DE2-9B9D-12A9D0D07CFC}
	EndGlobalSection
EndGlobal
